
Microsoft Visual Studio Solution File, Format Version 12.00
# Visual Studio Version 17
VisualStudioVersion = 17.10.35013.160
MinimumVisualStudioVersion = 10.0.40219.1
Project("{FAE04EC0-301F-11D3-BF4B-00C04F79EFBC}") = "CST-150-DiceRoll", "CST-150-DiceRoll.csproj", "{06745196-C9B1-4B46-BD0E-3FF498C04E2B}"
EndProject
Global
	GlobalSection(SolutionConfigurationPlatforms) = preSolution
		Debug|Any CPU = Debug|Any CPU
		Release|Any CPU = Release|Any CPU
	EndGlobalSection
	GlobalSection(ProjectConfigurationPlatforms) = postSolution
		{06745196-C9B1-4B46-BD0E-3FF498C04E2B}.Debug|Any CPU.ActiveCfg = Debug|Any CPU
		{06745196-C9B1-4B46-BD0E-3FF498C04E2B}.Debug|Any CPU.Build.0 = Debug|Any CPU
		{06745196-C9B1-4B46-BD0E-3FF498C04E2B}.Release|Any CPU.ActiveCfg = Release|Any CPU
		{06745196-C9B1-4B46-BD0E-3FF498C04E2B}.Release|Any CPU.Build.0 = Release|Any CPU
	EndGlobalSection
	GlobalSection(SolutionProperties) = preSolution
		HideSolutionNode = FALSE
	EndGlobalSection
	GlobalSection(ExtensibilityGlobals) = postSolution
		SolutionGuid = {D09FB28A-52CD-44F7-BC55-9CE10278ABF8}
	EndGlobalSection
EndGlobal
